
Microsoft Visual Studio Solution File, Format Version 12.00
# Visual Studio Version 17
VisualStudioVersion = 17.9.34616.47
MinimumVisualStudioVersion = 10.0.40219.1
Project("{2150E333-8FDC-42A3-9474-1A3956D46DE8}") = "Blogger", "Blogger", "{146E7037-37C2-4F83-9D2A-2669470DDB18}"
EndProject
Project("{9A19103F-16F7-4668-BE54-9A1E7A4F7556}") = "Domain", "Domain\Domain.csproj", "{36B4E110-59A5-4211-8F3E-F896B5B05D62}"
EndProject
Project("{9A19103F-16F7-4668-BE54-9A1E7A4F7556}") = "Application", "Application\Application.csproj", "{00B5CF99-2547-4551-8519-0D5082DEBB82}"
EndProject
Project("{9A19103F-16F7-4668-BE54-9A1E7A4F7556}") = "Infrastructure", "Infrastructure\Infrastructure.csproj", "{EB3019AC-7813-473A-9FE7-AB63257AB496}"
EndProject
Project("{9A19103F-16F7-4668-BE54-9A1E7A4F7556}") = "WebAPI", "WebAPI\WebAPI.csproj", "{370BFDF8-2157-4C52-A7E2-9424C67F69A7}"
EndProject
Project("{2150E333-8FDC-42A3-9474-1A3956D46DE8}") = "Blogger.Sdk", "Blogger.Sdk", "{1457A7AC-BEF4-4588-98C3-FEB776B1E95A}"
EndProject
Project("{9A19103F-16F7-4668-BE54-9A1E7A4F7556}") = "Blogger.Sdk", "Blogger.Sdk\Blogger.Sdk.csproj", "{455FEC4D-642F-403C-9280-F94281F66543}"
EndProject
Project("{2150E333-8FDC-42A3-9474-1A3956D46DE8}") = "Blogger.Sdk.Sample", "Blogger.Sdk.Sample", "{51203A2E-BF8B-4961-B1C9-5916BC23AC75}"
EndProject
Project("{9A19103F-16F7-4668-BE54-9A1E7A4F7556}") = "Blogger.Sdk.Sample", "Blogger.Sdk.Sample\Blogger.Sdk.Sample.csproj", "{02034F04-8603-49EA-9245-79AD79820805}"
EndProject
Project("{2150E333-8FDC-42A3-9474-1A3956D46DE8}") = "Blogger.Contracts", "Blogger.Contracts", "{0D649665-8954-40D8-A324-A6DD1FF52AD5}"
EndProject
Project("{9A19103F-16F7-4668-BE54-9A1E7A4F7556}") = "Blogger.Contracts", "Blogger.Contracts\Blogger.Contracts.csproj", "{07711867-07CA-410E-AAFA-F1EA7E1A572D}"
EndProject
Project("{9A19103F-16F7-4668-BE54-9A1E7A4F7556}") = "UnitTests", "UnitTests\UnitTests.csproj", "{7887F591-4783-480C-B31E-305B430242AB}"
EndProject
Project("{2150E333-8FDC-42A3-9474-1A3956D46DE8}") = "UnitTests", "UnitTests", "{70D89C8B-0599-47B8-9CA4-05AFCB195D84}"
EndProject
Project("{2150E333-8FDC-42A3-9474-1A3956D46DE8}") = "EndToEndTests", "EndToEndTests", "{5E4C4731-9615-4EBE-AA42-9B304D65E244}"
EndProject
Project("{9A19103F-16F7-4668-BE54-9A1E7A4F7556}") = "EndToEndTests", "EndToEndTests\EndToEndTests.csproj", "{F3EDC92F-E167-47EF-A666-56F1E21ECDB6}"
EndProject
Global
	GlobalSection(SolutionConfigurationPlatforms) = preSolution
		Debug|Any CPU = Debug|Any CPU
		Release|Any CPU = Release|Any CPU
	EndGlobalSection
	GlobalSection(ProjectConfigurationPlatforms) = postSolution
		{36B4E110-59A5-4211-8F3E-F896B5B05D62}.Debug|Any CPU.ActiveCfg = Debug|Any CPU
		{36B4E110-59A5-4211-8F3E-F896B5B05D62}.Debug|Any CPU.Build.0 = Debug|Any CPU
		{36B4E110-59A5-4211-8F3E-F896B5B05D62}.Release|Any CPU.ActiveCfg = Release|Any CPU
		{36B4E110-59A5-4211-8F3E-F896B5B05D62}.Release|Any CPU.Build.0 = Release|Any CPU
		{00B5CF99-2547-4551-8519-0D5082DEBB82}.Debug|Any CPU.ActiveCfg = Debug|Any CPU
		{00B5CF99-2547-4551-8519-0D5082DEBB82}.Debug|Any CPU.Build.0 = Debug|Any CPU
		{00B5CF99-2547-4551-8519-0D5082DEBB82}.Release|Any CPU.ActiveCfg = Release|Any CPU
		{00B5CF99-2547-4551-8519-0D5082DEBB82}.Release|Any CPU.Build.0 = Release|Any CPU
		{EB3019AC-7813-473A-9FE7-AB63257AB496}.Debug|Any CPU.ActiveCfg = Debug|Any CPU
		{EB3019AC-7813-473A-9FE7-AB63257AB496}.Debug|Any CPU.Build.0 = Debug|Any CPU
		{EB3019AC-7813-473A-9FE7-AB63257AB496}.Release|Any CPU.ActiveCfg = Release|Any CPU
		{EB3019AC-7813-473A-9FE7-AB63257AB496}.Release|Any CPU.Build.0 = Release|Any CPU
		{370BFDF8-2157-4C52-A7E2-9424C67F69A7}.Debug|Any CPU.ActiveCfg = Debug|Any CPU
		{370BFDF8-2157-4C52-A7E2-9424C67F69A7}.Debug|Any CPU.Build.0 = Debug|Any CPU
		{370BFDF8-2157-4C52-A7E2-9424C67F69A7}.Release|Any CPU.ActiveCfg = Release|Any CPU
		{370BFDF8-2157-4C52-A7E2-9424C67F69A7}.Release|Any CPU.Build.0 = Release|Any CPU
		{455FEC4D-642F-403C-9280-F94281F66543}.Debug|Any CPU.ActiveCfg = Debug|Any CPU
		{455FEC4D-642F-403C-9280-F94281F66543}.Debug|Any CPU.Build.0 = Debug|Any CPU
		{455FEC4D-642F-403C-9280-F94281F66543}.Release|Any CPU.ActiveCfg = Release|Any CPU
		{455FEC4D-642F-403C-9280-F94281F66543}.Release|Any CPU.Build.0 = Release|Any CPU
		{02034F04-8603-49EA-9245-79AD79820805}.Debug|Any CPU.ActiveCfg = Debug|Any CPU
		{02034F04-8603-49EA-9245-79AD79820805}.Debug|Any CPU.Build.0 = Debug|Any CPU
		{02034F04-8603-49EA-9245-79AD79820805}.Release|Any CPU.ActiveCfg = Release|Any CPU
		{02034F04-8603-49EA-9245-79AD79820805}.Release|Any CPU.Build.0 = Release|Any CPU
		{07711867-07CA-410E-AAFA-F1EA7E1A572D}.Debug|Any CPU.ActiveCfg = Debug|Any CPU
		{07711867-07CA-410E-AAFA-F1EA7E1A572D}.Debug|Any CPU.Build.0 = Debug|Any CPU
		{07711867-07CA-410E-AAFA-F1EA7E1A572D}.Release|Any CPU.ActiveCfg = Release|Any CPU
		{07711867-07CA-410E-AAFA-F1EA7E1A572D}.Release|Any CPU.Build.0 = Release|Any CPU
		{7887F591-4783-480C-B31E-305B430242AB}.Debug|Any CPU.ActiveCfg = Debug|Any CPU
		{7887F591-4783-480C-B31E-305B430242AB}.Debug|Any CPU.Build.0 = Debug|Any CPU
		{7887F591-4783-480C-B31E-305B430242AB}.Release|Any CPU.ActiveCfg = Release|Any CPU
		{7887F591-4783-480C-B31E-305B430242AB}.Release|Any CPU.Build.0 = Release|Any CPU
		{F3EDC92F-E167-47EF-A666-56F1E21ECDB6}.Debug|Any CPU.ActiveCfg = Debug|Any CPU
		{F3EDC92F-E167-47EF-A666-56F1E21ECDB6}.Debug|Any CPU.Build.0 = Debug|Any CPU
		{F3EDC92F-E167-47EF-A666-56F1E21ECDB6}.Release|Any CPU.ActiveCfg = Release|Any CPU
		{F3EDC92F-E167-47EF-A666-56F1E21ECDB6}.Release|Any CPU.Build.0 = Release|Any CPU
	EndGlobalSection
	GlobalSection(SolutionProperties) = preSolution
		HideSolutionNode = FALSE
	EndGlobalSection
	GlobalSection(NestedProjects) = preSolution
		{36B4E110-59A5-4211-8F3E-F896B5B05D62} = {146E7037-37C2-4F83-9D2A-2669470DDB18}
		{00B5CF99-2547-4551-8519-0D5082DEBB82} = {146E7037-37C2-4F83-9D2A-2669470DDB18}
		{EB3019AC-7813-473A-9FE7-AB63257AB496} = {146E7037-37C2-4F83-9D2A-2669470DDB18}
		{370BFDF8-2157-4C52-A7E2-9424C67F69A7} = {146E7037-37C2-4F83-9D2A-2669470DDB18}
		{1457A7AC-BEF4-4588-98C3-FEB776B1E95A} = {146E7037-37C2-4F83-9D2A-2669470DDB18}
		{455FEC4D-642F-403C-9280-F94281F66543} = {1457A7AC-BEF4-4588-98C3-FEB776B1E95A}
		{51203A2E-BF8B-4961-B1C9-5916BC23AC75} = {146E7037-37C2-4F83-9D2A-2669470DDB18}
		{02034F04-8603-49EA-9245-79AD79820805} = {51203A2E-BF8B-4961-B1C9-5916BC23AC75}
		{0D649665-8954-40D8-A324-A6DD1FF52AD5} = {146E7037-37C2-4F83-9D2A-2669470DDB18}
		{07711867-07CA-410E-AAFA-F1EA7E1A572D} = {0D649665-8954-40D8-A324-A6DD1FF52AD5}
		{7887F591-4783-480C-B31E-305B430242AB} = {70D89C8B-0599-47B8-9CA4-05AFCB195D84}
		{70D89C8B-0599-47B8-9CA4-05AFCB195D84} = {146E7037-37C2-4F83-9D2A-2669470DDB18}
		{5E4C4731-9615-4EBE-AA42-9B304D65E244} = {146E7037-37C2-4F83-9D2A-2669470DDB18}
		{F3EDC92F-E167-47EF-A666-56F1E21ECDB6} = {5E4C4731-9615-4EBE-AA42-9B304D65E244}
	EndGlobalSection
	GlobalSection(ExtensibilityGlobals) = postSolution
		SolutionGuid = {2FC9D72B-1137-4570-AEBE-21CDEDED235F}
	EndGlobalSection
EndGlobal
